// !$*UTF8*$!
{
	archiveVersion = 1;
	classes = {
	};
	objectVersion = 50;
	objects = {

/* Begin PBXBuildFile section */
		C79D66BF23FB424900BA0111 /* AppDelegate.swift in Sources */ = {isa = PBXBuildFile; fileRef = C79D66BE23FB424900BA0111 /* AppDelegate.swift */; };
		C79D66C123FB424900BA0111 /* SceneDelegate.swift in Sources */ = {isa = PBXBuildFile; fileRef = C79D66C023FB424900BA0111 /* SceneDelegate.swift */; };
		C79D66C323FB424900BA0111 /* ViewController.swift in Sources */ = {isa = PBXBuildFile; fileRef = C79D66C223FB424900BA0111 /* ViewController.swift */; };
		C79D66C623FB424900BA0111 /* Main.storyboard in Resources */ = {isa = PBXBuildFile; fileRef = C79D66C423FB424900BA0111 /* Main.storyboard */; };
		C79D66C823FB424B00BA0111 /* Assets.xcassets in Resources */ = {isa = PBXBuildFile; fileRef = C79D66C723FB424B00BA0111 /* Assets.xcassets */; };
		C79D66CB23FB424B00BA0111 /* LaunchScreen.storyboard in Resources */ = {isa = PBXBuildFile; fileRef = C79D66C923FB424B00BA0111 /* LaunchScreen.storyboard */; };
		C79D66D623FB424C00BA0111 /* souschefTests.swift in Sources */ = {isa = PBXBuildFile; fileRef = C79D66D523FB424C00BA0111 /* souschefTests.swift */; };
		C79D66E123FB424C00BA0111 /* souschefUITests.swift in Sources */ = {isa = PBXBuildFile; fileRef = C79D66E023FB424C00BA0111 /* souschefUITests.swift */; };
/* End PBXBuildFile section */

/* Begin PBXContainerItemProxy section */
		C79D66D223FB424B00BA0111 /* PBXContainerItemProxy */ = {
			isa = PBXContainerItemProxy;
			containerPortal = C79D66B323FB424900BA0111 /* Project object */;
			proxyType = 1;
			remoteGlobalIDString = C79D66BA23FB424900BA0111;
			remoteInfo = souschef;
		};
		C79D66DD23FB424C00BA0111 /* PBXContainerItemProxy */ = {
			isa = PBXContainerItemProxy;
			containerPortal = C79D66B323FB424900BA0111 /* Project object */;
			proxyType = 1;
			remoteGlobalIDString = C79D66BA23FB424900BA0111;
			remoteInfo = souschef;
		};
/* End PBXContainerItemProxy section */

/* Begin PBXFileReference section */
		C79D66BB23FB424900BA0111 /* souschef.app */ = {isa = PBXFileReference; explicitFileType = wrapper.application; includeInIndex = 0; path = souschef.app; sourceTree = BUILT_PRODUCTS_DIR; };
		C79D66BE23FB424900BA0111 /* AppDelegate.swift */ = {isa = PBXFileReference; lastKnownFileType = sourcecode.swift; path = AppDelegate.swift; sourceTree = "<group>"; };
		C79D66C023FB424900BA0111 /* SceneDelegate.swift */ = {isa = PBXFileReference; lastKnownFileType = sourcecode.swift; path = SceneDelegate.swift; sourceTree = "<group>"; };
		C79D66C223FB424900BA0111 /* ViewController.swift */ = {isa = PBXFileReference; lastKnownFileType = sourcecode.swift; path = ViewController.swift; sourceTree = "<group>"; };
		C79D66C523FB424900BA0111 /* Base */ = {isa = PBXFileReference; lastKnownFileType = file.storyboard; name = Base; path = Base.lproj/Main.storyboard; sourceTree = "<group>"; };
		C79D66C723FB424B00BA0111 /* Assets.xcassets */ = {isa = PBXFileReference; lastKnownFileType = folder.assetcatalog; path = Assets.xcassets; sourceTree = "<group>"; };
		C79D66CA23FB424B00BA0111 /* Base */ = {isa = PBXFileReference; lastKnownFileType = file.storyboard; name = Base; path = Base.lproj/LaunchScreen.storyboard; sourceTree = "<group>"; };
		C79D66CC23FB424B00BA0111 /* Info.plist */ = {isa = PBXFileReference; lastKnownFileType = text.plist.xml; path = Info.plist; sourceTree = "<group>"; };
		C79D66D123FB424B00BA0111 /* souschefTests.xctest */ = {isa = PBXFileReference; explicitFileType = wrapper.cfbundle; includeInIndex = 0; path = souschefTests.xctest; sourceTree = BUILT_PRODUCTS_DIR; };
		C79D66D523FB424C00BA0111 /* souschefTests.swift */ = {isa = PBXFileReference; lastKnownFileType = sourcecode.swift; path = souschefTests.swift; sourceTree = "<group>"; };
		C79D66D723FB424C00BA0111 /* Info.plist */ = {isa = PBXFileReference; lastKnownFileType = text.plist.xml; path = Info.plist; sourceTree = "<group>"; };
		C79D66DC23FB424C00BA0111 /* souschefUITests.xctest */ = {isa = PBXFileReference; explicitFileType = wrapper.cfbundle; includeInIndex = 0; path = souschefUITests.xctest; sourceTree = BUILT_PRODUCTS_DIR; };
		C79D66E023FB424C00BA0111 /* souschefUITests.swift */ = {isa = PBXFileReference; lastKnownFileType = sourcecode.swift; path = souschefUITests.swift; sourceTree = "<group>"; };
		C79D66E223FB424C00BA0111 /* Info.plist */ = {isa = PBXFileReference; lastKnownFileType = text.plist.xml; path = Info.plist; sourceTree = "<group>"; };
/* End PBXFileReference section */

/* Begin PBXFrameworksBuildPhase section */
		C79D66B823FB424900BA0111 /* Frameworks */ = {
			isa = PBXFrameworksBuildPhase;
			buildActionMask = 2147483647;
			files = (
			);
			runOnlyForDeploymentPostprocessing = 0;
		};
		C79D66CE23FB424B00BA0111 /* Frameworks */ = {
			isa = PBXFrameworksBuildPhase;
			buildActionMask = 2147483647;
			files = (
			);
			runOnlyForDeploymentPostprocessing = 0;
		};
		C79D66D923FB424C00BA0111 /* Frameworks */ = {
			isa = PBXFrameworksBuildPhase;
			buildActionMask = 2147483647;
			files = (
			);
			runOnlyForDeploymentPostprocessing = 0;
		};
/* End PBXFrameworksBuildPhase section */

/* Begin PBXGroup section */
		C79D66B223FB424900BA0111 = {
			isa = PBXGroup;
			children = (
				C79D66BD23FB424900BA0111 /* souschef */,
				C79D66D423FB424B00BA0111 /* souschefTests */,
				C79D66DF23FB424C00BA0111 /* souschefUITests */,
				C79D66BC23FB424900BA0111 /* Products */,
			);
			sourceTree = "<group>";
		};
		C79D66BC23FB424900BA0111 /* Products */ = {
			isa = PBXGroup;
			children = (
				C79D66BB23FB424900BA0111 /* souschef.app */,
				C79D66D123FB424B00BA0111 /* souschefTests.xctest */,
				C79D66DC23FB424C00BA0111 /* souschefUITests.xctest */,
			);
			name = Products;
			sourceTree = "<group>";
		};
		C79D66BD23FB424900BA0111 /* souschef */ = {
			isa = PBXGroup;
			children = (
				C79D66BE23FB424900BA0111 /* AppDelegate.swift */,
				C79D66C023FB424900BA0111 /* SceneDelegate.swift */,
				C79D66C223FB424900BA0111 /* ViewController.swift */,
				C79D66C423FB424900BA0111 /* Main.storyboard */,
				C79D66C723FB424B00BA0111 /* Assets.xcassets */,
				C79D66C923FB424B00BA0111 /* LaunchScreen.storyboard */,
				C79D66CC23FB424B00BA0111 /* Info.plist */,
			);
			path = souschef;
			sourceTree = "<group>";
		};
		C79D66D423FB424B00BA0111 /* souschefTests */ = {
			isa = PBXGroup;
			children = (
				C79D66D523FB424C00BA0111 /* souschefTests.swift */,
				C79D66D723FB424C00BA0111 /* Info.plist */,
			);
			path = souschefTests;
			sourceTree = "<group>";
		};
		C79D66DF23FB424C00BA0111 /* souschefUITests */ = {
			isa = PBXGroup;
			children = (
				C79D66E023FB424C00BA0111 /* souschefUITests.swift */,
				C79D66E223FB424C00BA0111 /* Info.plist */,
			);
			path = souschefUITests;
			sourceTree = "<group>";
		};
/* End PBXGroup section */

/* Begin PBXNativeTarget section */
		C79D66BA23FB424900BA0111 /* souschef */ = {
			isa = PBXNativeTarget;
			buildConfigurationList = C79D66E523FB424C00BA0111 /* Build configuration list for PBXNativeTarget "souschef" */;
			buildPhases = (
				C79D66B723FB424900BA0111 /* Sources */,
				C79D66B823FB424900BA0111 /* Frameworks */,
				C79D66B923FB424900BA0111 /* Resources */,
			);
			buildRules = (
			);
			dependencies = (
			);
			name = souschef;
			productName = souschef;
			productReference = C79D66BB23FB424900BA0111 /* souschef.app */;
			productType = "com.apple.product-type.application";
		};
		C79D66D023FB424B00BA0111 /* souschefTests */ = {
			isa = PBXNativeTarget;
			buildConfigurationList = C79D66E823FB424C00BA0111 /* Build configuration list for PBXNativeTarget "souschefTests" */;
			buildPhases = (
				C79D66CD23FB424B00BA0111 /* Sources */,
				C79D66CE23FB424B00BA0111 /* Frameworks */,
				C79D66CF23FB424B00BA0111 /* Resources */,
			);
			buildRules = (
			);
			dependencies = (
				C79D66D323FB424B00BA0111 /* PBXTargetDependency */,
			);
			name = souschefTests;
			productName = souschefTests;
			productReference = C79D66D123FB424B00BA0111 /* souschefTests.xctest */;
			productType = "com.apple.product-type.bundle.unit-test";
		};
		C79D66DB23FB424C00BA0111 /* souschefUITests */ = {
			isa = PBXNativeTarget;
			buildConfigurationList = C79D66EB23FB424C00BA0111 /* Build configuration list for PBXNativeTarget "souschefUITests" */;
			buildPhases = (
				C79D66D823FB424C00BA0111 /* Sources */,
				C79D66D923FB424C00BA0111 /* Frameworks */,
				C79D66DA23FB424C00BA0111 /* Resources */,
			);
			buildRules = (
			);
			dependencies = (
				C79D66DE23FB424C00BA0111 /* PBXTargetDependency */,
			);
			name = souschefUITests;
			productName = souschefUITests;
			productReference = C79D66DC23FB424C00BA0111 /* souschefUITests.xctest */;
			productType = "com.apple.product-type.bundle.ui-testing";
		};
/* End PBXNativeTarget section */

/* Begin PBXProject section */
		C79D66B323FB424900BA0111 /* Project object */ = {
			isa = PBXProject;
			attributes = {
				LastSwiftUpdateCheck = 1130;
				LastUpgradeCheck = 1130;
				ORGANIZATIONNAME = "James Jiang";
				TargetAttributes = {
					C79D66BA23FB424900BA0111 = {
						CreatedOnToolsVersion = 11.3.1;
					};
					C79D66D023FB424B00BA0111 = {
						CreatedOnToolsVersion = 11.3.1;
						TestTargetID = C79D66BA23FB424900BA0111;
					};
					C79D66DB23FB424C00BA0111 = {
						CreatedOnToolsVersion = 11.3.1;
						TestTargetID = C79D66BA23FB424900BA0111;
					};
				};
			};
			buildConfigurationList = C79D66B623FB424900BA0111 /* Build configuration list for PBXProject "souschef" */;
			compatibilityVersion = "Xcode 9.3";
			developmentRegion = en;
			hasScannedForEncodings = 0;
			knownRegions = (
				en,
				Base,
			);
			mainGroup = C79D66B223FB424900BA0111;
			productRefGroup = C79D66BC23FB424900BA0111 /* Products */;
			projectDirPath = "";
			projectRoot = "";
			targets = (
				C79D66BA23FB424900BA0111 /* souschef */,
				C79D66D023FB424B00BA0111 /* souschefTests */,
				C79D66DB23FB424C00BA0111 /* souschefUITests */,
			);
		};
/* End PBXProject section */

/* Begin PBXResourcesBuildPhase section */
		C79D66B923FB424900BA0111 /* Resources */ = {
			isa = PBXResourcesBuildPhase;
			buildActionMask = 2147483647;
			files = (
				C79D66CB23FB424B00BA0111 /* LaunchScreen.storyboard in Resources */,
				C79D66C823FB424B00BA0111 /* Assets.xcassets in Resources */,
				C79D66C623FB424900BA0111 /* Main.storyboard in Resources */,
			);
			runOnlyForDeploymentPostprocessing = 0;
		};
		C79D66CF23FB424B00BA0111 /* Resources */ = {
			isa = PBXResourcesBuildPhase;
			buildActionMask = 2147483647;
			files = (
			);
			runOnlyForDeploymentPostprocessing = 0;
		};
		C79D66DA23FB424C00BA0111 /* Resources */ = {
			isa = PBXResourcesBuildPhase;
			buildActionMask = 2147483647;
			files = (
			);
			runOnlyForDeploymentPostprocessing = 0;
		};
/* End PBXResourcesBuildPhase section */

/* Begin PBXSourcesBuildPhase section */
		C79D66B723FB424900BA0111 /* Sources */ = {
			isa = PBXSourcesBuildPhase;
			buildActionMask = 2147483647;
			files = (
				C79D66C323FB424900BA0111 /* ViewController.swift in Sources */,
				C79D66BF23FB424900BA0111 /* AppDelegate.swift in Sources */,
				C79D66C123FB424900BA0111 /* SceneDelegate.swift in Sources */,
			);
			runOnlyForDeploymentPostprocessing = 0;
		};
		C79D66CD23FB424B00BA0111 /* Sources */ = {
			isa = PBXSourcesBuildPhase;
			buildActionMask = 2147483647;
			files = (
				C79D66D623FB424C00BA0111 /* souschefTests.swift in Sources */,
			);
			runOnlyForDeploymentPostprocessing = 0;
		};
		C79D66D823FB424C00BA0111 /* Sources */ = {
			isa = PBXSourcesBuildPhase;
			buildActionMask = 2147483647;
			files = (
				C79D66E123FB424C00BA0111 /* souschefUITests.swift in Sources */,
			);
			runOnlyForDeploymentPostprocessing = 0;
		};
/* End PBXSourcesBuildPhase section */

/* Begin PBXTargetDependency section */
		C79D66D323FB424B00BA0111 /* PBXTargetDependency */ = {
			isa = PBXTargetDependency;
			target = C79D66BA23FB424900BA0111 /* souschef */;
			targetProxy = C79D66D223FB424B00BA0111 /* PBXContainerItemProxy */;
		};
		C79D66DE23FB424C00BA0111 /* PBXTargetDependency */ = {
			isa = PBXTargetDependency;
			target = C79D66BA23FB424900BA0111 /* souschef */;
			targetProxy = C79D66DD23FB424C00BA0111 /* PBXContainerItemProxy */;
		};
/* End PBXTargetDependency section */

/* Begin PBXVariantGroup section */
		C79D66C423FB424900BA0111 /* Main.storyboard */ = {
			isa = PBXVariantGroup;
			children = (
				C79D66C523FB424900BA0111 /* Base */,
			);
			name = Main.storyboard;
			sourceTree = "<group>";
		};
		C79D66C923FB424B00BA0111 /* LaunchScreen.storyboard */ = {
			isa = PBXVariantGroup;
			children = (
				C79D66CA23FB424B00BA0111 /* Base */,
			);
			name = LaunchScreen.storyboard;
			sourceTree = "<group>";
		};
/* End PBXVariantGroup section */

/* Begin XCBuildConfiguration section */
		C79D66E323FB424C00BA0111 /* Debug */ = {
			isa = XCBuildConfiguration;
			buildSettings = {
				ALWAYS_SEARCH_USER_PATHS = NO;
				CLANG_ANALYZER_NONNULL = YES;
				CLANG_ANALYZER_NUMBER_OBJECT_CONVERSION = YES_AGGRESSIVE;
				CLANG_CXX_LANGUAGE_STANDARD = "gnu++14";
				CLANG_CXX_LIBRARY = "libc++";
				CLANG_ENABLE_MODULES = YES;
				CLANG_ENABLE_OBJC_ARC = YES;
				CLANG_ENABLE_OBJC_WEAK = YES;
				CLANG_WARN_BLOCK_CAPTURE_AUTORELEASING = YES;
				CLANG_WARN_BOOL_CONVERSION = YES;
				CLANG_WARN_COMMA = YES;
				CLANG_WARN_CONSTANT_CONVERSION = YES;
				CLANG_WARN_DEPRECATED_OBJC_IMPLEMENTATIONS = YES;
				CLANG_WARN_DIRECT_OBJC_ISA_USAGE = YES_ERROR;
				CLANG_WARN_DOCUMENTATION_COMMENTS = YES;
				CLANG_WARN_EMPTY_BODY = YES;
				CLANG_WARN_ENUM_CONVERSION = YES;
				CLANG_WARN_INFINITE_RECURSION = YES;
				CLANG_WARN_INT_CONVERSION = YES;
				CLANG_WARN_NON_LITERAL_NULL_CONVERSION = YES;
				CLANG_WARN_OBJC_IMPLICIT_RETAIN_SELF = YES;
				CLANG_WARN_OBJC_LITERAL_CONVERSION = YES;
				CLANG_WARN_OBJC_ROOT_CLASS = YES_ERROR;
				CLANG_WARN_RANGE_LOOP_ANALYSIS = YES;
				CLANG_WARN_STRICT_PROTOTYPES = YES;
				CLANG_WARN_SUSPICIOUS_MOVE = YES;
				CLANG_WARN_UNGUARDED_AVAILABILITY = YES_AGGRESSIVE;
				CLANG_WARN_UNREACHABLE_CODE = YES;
				CLANG_WARN__DUPLICATE_METHOD_MATCH = YES;
				COPY_PHASE_STRIP = NO;
				DEBUG_INFORMATION_FORMAT = dwarf;
				ENABLE_STRICT_OBJC_MSGSEND = YES;
				ENABLE_TESTABILITY = YES;
				GCC_C_LANGUAGE_STANDARD = gnu11;
				GCC_DYNAMIC_NO_PIC = NO;
				GCC_NO_COMMON_BLOCKS = YES;
				GCC_OPTIMIZATION_LEVEL = 0;
				GCC_PREPROCESSOR_DEFINITIONS = (
					"DEBUG=1",
					"$(inherited)",
				);
				GCC_WARN_64_TO_32_BIT_CONVERSION = YES;
				GCC_WARN_ABOUT_RETURN_TYPE = YES_ERROR;
				GCC_WARN_UNDECLARED_SELECTOR = YES;
				GCC_WARN_UNINITIALIZED_AUTOS = YES_AGGRESSIVE;
				GCC_WARN_UNUSED_FUNCTION = YES;
				GCC_WARN_UNUSED_VARIABLE = YES;
				IPHONEOS_DEPLOYMENT_TARGET = 13.2;
				MTL_ENABLE_DEBUG_INFO = INCLUDE_SOURCE;
				MTL_FAST_MATH = YES;
				ONLY_ACTIVE_ARCH = YES;
				SDKROOT = iphoneos;
				SWIFT_ACTIVE_COMPILATION_CONDITIONS = DEBUG;
				SWIFT_OPTIMIZATION_LEVEL = "-Onone";
			};
			name = Debug;
		};
		C79D66E423FB424C00BA0111 /* Release */ = {
			isa = XCBuildConfiguration;
			buildSettings = {
				ALWAYS_SEARCH_USER_PATHS = NO;
				CLANG_ANALYZER_NONNULL = YES;
				CLANG_ANALYZER_NUMBER_OBJECT_CONVERSION = YES_AGGRESSIVE;
				CLANG_CXX_LANGUAGE_STANDARD = "gnu++14";
				CLANG_CXX_LIBRARY = "libc++";
				CLANG_ENABLE_MODULES = YES;
				CLANG_ENABLE_OBJC_ARC = YES;
				CLANG_ENABLE_OBJC_WEAK = YES;
				CLANG_WARN_BLOCK_CAPTURE_AUTORELEASING = YES;
				CLANG_WARN_BOOL_CONVERSION = YES;
				CLANG_WARN_COMMA = YES;
				CLANG_WARN_CONSTANT_CONVERSION = YES;
				CLANG_WARN_DEPRECATED_OBJC_IMPLEMENTATIONS = YES;
				CLANG_WARN_DIRECT_OBJC_ISA_USAGE = YES_ERROR;
				CLANG_WARN_DOCUMENTATION_COMMENTS = YES;
				CLANG_WARN_EMPTY_BODY = YES;
				CLANG_WARN_ENUM_CONVERSION = YES;
				CLANG_WARN_INFINITE_RECURSION = YES;
				CLANG_WARN_INT_CONVERSION = YES;
				CLANG_WARN_NON_LITERAL_NULL_CONVERSION = YES;
				CLANG_WARN_OBJC_IMPLICIT_RETAIN_SELF = YES;
				CLANG_WARN_OBJC_LITERAL_CONVERSION = YES;
				CLANG_WARN_OBJC_ROOT_CLASS = YES_ERROR;
				CLANG_WARN_RANGE_LOOP_ANALYSIS = YES;
				CLANG_WARN_STRICT_PROTOTYPES = YES;
				CLANG_WARN_SUSPICIOUS_MOVE = YES;
				CLANG_WARN_UNGUARDED_AVAILABILITY = YES_AGGRESSIVE;
				CLANG_WARN_UNREACHABLE_CODE = YES;
				CLANG_WARN__DUPLICATE_METHOD_MATCH = YES;
				COPY_PHASE_STRIP = NO;
				DEBUG_INFORMATION_FORMAT = "dwarf-with-dsym";
				ENABLE_NS_ASSERTIONS = NO;
				ENABLE_STRICT_OBJC_MSGSEND = YES;
				GCC_C_LANGUAGE_STANDARD = gnu11;
				GCC_NO_COMMON_BLOCKS = YES;
				GCC_WARN_64_TO_32_BIT_CONVERSION = YES;
				GCC_WARN_ABOUT_RETURN_TYPE = YES_ERROR;
				GCC_WARN_UNDECLARED_SELECTOR = YES;
				GCC_WARN_UNINITIALIZED_AUTOS = YES_AGGRESSIVE;
				GCC_WARN_UNUSED_FUNCTION = YES;
				GCC_WARN_UNUSED_VARIABLE = YES;
				IPHONEOS_DEPLOYMENT_TARGET = 13.2;
				MTL_ENABLE_DEBUG_INFO = NO;
				MTL_FAST_MATH = YES;
				SDKROOT = iphoneos;
				SWIFT_COMPILATION_MODE = wholemodule;
				SWIFT_OPTIMIZATION_LEVEL = "-O";
				VALIDATE_PRODUCT = YES;
			};
			name = Release;
		};
		C79D66E623FB424C00BA0111 /* Debug */ = {
			isa = XCBuildConfiguration;
			buildSettings = {
				ASSETCATALOG_COMPILER_APPICON_NAME = AppIcon;
				CODE_SIGN_STYLE = Automatic;
				INFOPLIST_FILE = souschef/Info.plist;
				LD_RUNPATH_SEARCH_PATHS = (
					"$(inherited)",
					"@executable_path/Frameworks",
				);
				PRODUCT_BUNDLE_IDENTIFIER = com.cs4261.onAPlane.souschef;
				PRODUCT_NAME = "$(TARGET_NAME)";
				SWIFT_VERSION = 5.0;
				TARGETED_DEVICE_FAMILY = "1,2";
			};
			name = Debug;
		};
		C79D66E723FB424C00BA0111 /* Release */ = {
			isa = XCBuildConfiguration;
			buildSettings = {
				ASSETCATALOG_COMPILER_APPICON_NAME = AppIcon;
				CODE_SIGN_STYLE = Automatic;
				INFOPLIST_FILE = souschef/Info.plist;
				LD_RUNPATH_SEARCH_PATHS = (
					"$(inherited)",
					"@executable_path/Frameworks",
				);
				PRODUCT_BUNDLE_IDENTIFIER = com.cs4261.onAPlane.souschef;
				PRODUCT_NAME = "$(TARGET_NAME)";
				SWIFT_VERSION = 5.0;
				TARGETED_DEVICE_FAMILY = "1,2";
			};
			name = Release;
		};
		C79D66E923FB424C00BA0111 /* Debug */ = {
			isa = XCBuildConfiguration;
			buildSettings = {
				ALWAYS_EMBED_SWIFT_STANDARD_LIBRARIES = YES;
				BUNDLE_LOADER = "$(TEST_HOST)";
				CODE_SIGN_STYLE = Automatic;
				INFOPLIST_FILE = souschefTests/Info.plist;
				IPHONEOS_DEPLOYMENT_TARGET = 13.2;
				LD_RUNPATH_SEARCH_PATHS = (
					"$(inherited)",
					"@executable_path/Frameworks",
					"@loader_path/Frameworks",
				);
				PRODUCT_BUNDLE_IDENTIFIER = com.cs4261.onAPlane.souschefTests;
				PRODUCT_NAME = "$(TARGET_NAME)";
				SWIFT_VERSION = 5.0;
				TARGETED_DEVICE_FAMILY = "1,2";
				TEST_HOST = "$(BUILT_PRODUCTS_DIR)/souschef.app/souschef";
			};
			name = Debug;
		};
		C79D66EA23FB424C00BA0111 /* Release */ = {
			isa = XCBuildConfiguration;
			buildSettings = {
				ALWAYS_EMBED_SWIFT_STANDARD_LIBRARIES = YES;
				BUNDLE_LOADER = "$(TEST_HOST)";
				CODE_SIGN_STYLE = Automatic;
				INFOPLIST_FILE = souschefTests/Info.plist;
				IPHONEOS_DEPLOYMENT_TARGET = 13.2;
				LD_RUNPATH_SEARCH_PATHS = (
					"$(inherited)",
					"@executable_path/Frameworks",
					"@loader_path/Frameworks",
				);
				PRODUCT_BUNDLE_IDENTIFIER = com.cs4261.onAPlane.souschefTests;
				PRODUCT_NAME = "$(TARGET_NAME)";
				SWIFT_VERSION = 5.0;
				TARGETED_DEVICE_FAMILY = "1,2";
				TEST_HOST = "$(BUILT_PRODUCTS_DIR)/souschef.app/souschef";
			};
			name = Release;
		};
		C79D66EC23FB424C00BA0111 /* Debug */ = {
			isa = XCBuildConfiguration;
			buildSettings = {
				ALWAYS_EMBED_SWIFT_STANDARD_LIBRARIES = YES;
				CODE_SIGN_STYLE = Automatic;
				INFOPLIST_FILE = souschefUITests/Info.plist;
				LD_RUNPATH_SEARCH_PATHS = (
					"$(inherited)",
					"@executable_path/Frameworks",
					"@loader_path/Frameworks",
				);
				PRODUCT_BUNDLE_IDENTIFIER = com.cs4261.onAPlane.souschefUITests;
				PRODUCT_NAME = "$(TARGET_NAME)";
				SWIFT_VERSION = 5.0;
				TARGETED_DEVICE_FAMILY = "1,2";
				TEST_TARGET_NAME = souschef;
			};
			name = Debug;
		};
		C79D66ED23FB424C00BA0111 /* Release */ = {
			isa = XCBuildConfiguration;
			buildSettings = {
				ALWAYS_EMBED_SWIFT_STANDARD_LIBRARIES = YES;
				CODE_SIGN_STYLE = Automatic;
				INFOPLIST_FILE = souschefUITests/Info.plist;
				LD_RUNPATH_SEARCH_PATHS = (
					"$(inherited)",
					"@executable_path/Frameworks",
					"@loader_path/Frameworks",
				);
				PRODUCT_BUNDLE_IDENTIFIER = com.cs4261.onAPlane.souschefUITests;
				PRODUCT_NAME = "$(TARGET_NAME)";
				SWIFT_VERSION = 5.0;
				TARGETED_DEVICE_FAMILY = "1,2";
				TEST_TARGET_NAME = souschef;
			};
			name = Release;
		};
/* End XCBuildConfiguration section */

/* Begin XCConfigurationList section */
		C79D66B623FB424900BA0111 /* Build configuration list for PBXProject "souschef" */ = {
			isa = XCConfigurationList;
			buildConfigurations = (
				C79D66E323FB424C00BA0111 /* Debug */,
				C79D66E423FB424C00BA0111 /* Release */,
			);
			defaultConfigurationIsVisible = 0;
			defaultConfigurationName = Release;
		};
		C79D66E523FB424C00BA0111 /* Build configuration list for PBXNativeTarget "souschef" */ = {
			isa = XCConfigurationList;
			buildConfigurations = (
				C79D66E623FB424C00BA0111 /* Debug */,
				C79D66E723FB424C00BA0111 /* Release */,
			);
			defaultConfigurationIsVisible = 0;
			defaultConfigurationName = Release;
		};
		C79D66E823FB424C00BA0111 /* Build configuration list for PBXNativeTarget "souschefTests" */ = {
			isa = XCConfigurationList;
			buildConfigurations = (
				C79D66E923FB424C00BA0111 /* Debug */,
				C79D66EA23FB424C00BA0111 /* Release */,
			);
			defaultConfigurationIsVisible = 0;
			defaultConfigurationName = Release;
		};
		C79D66EB23FB424C00BA0111 /* Build configuration list for PBXNativeTarget "souschefUITests" */ = {
			isa = XCConfigurationList;
			buildConfigurations = (
				C79D66EC23FB424C00BA0111 /* Debug */,
				C79D66ED23FB424C00BA0111 /* Release */,
			);
			defaultConfigurationIsVisible = 0;
			defaultConfigurationName = Release;
		};
/* End XCConfigurationList section */
	};
	rootObject = C79D66B323FB424900BA0111 /* Project object */;
}
